
Microsoft Visual Studio Solution File, Format Version 12.00
# Visual Studio Version 17
VisualStudioVersion = 17.14.36301.6
MinimumVisualStudioVersion = 10.0.40219.1
Project("{FAE04EC0-301F-11D3-BF4B-00C04F79EFBC}") = "Nro1", "Nro1\Nro1.csproj", "{EB853AFF-6C00-4E83-A064-7E1BA9C0AFC3}"
EndProject
Project("{FAE04EC0-301F-11D3-BF4B-00C04F79EFBC}") = "DAO", "DAO\DAO.csproj", "{5C368D6F-0404-44CA-80D6-BE9AEA02CCD0}"
EndProject
Project("{FAE04EC0-301F-11D3-BF4B-00C04F79EFBC}") = "BE", "BE\BE.csproj", "{D2F49F8F-2F00-4860-8D6F-440A83162349}"
EndProject
Project("{FAE04EC0-301F-11D3-BF4B-00C04F79EFBC}") = "ORM", "ORM\ORM.csproj", "{F616EA6D-D153-4332-976A-7AB56CF429E7}"
EndProject
Project("{FAE04EC0-301F-11D3-BF4B-00C04F79EFBC}") = "BLL", "BLL\BLL.csproj", "{60BB29CC-44DE-43FF-BCFE-7290C4283300}"
EndProject
Project("{FAE04EC0-301F-11D3-BF4B-00C04F79EFBC}") = "Nro2", "Nro2\Nro2.csproj", "{D17C3DA1-6B5F-4904-B95C-80052AEADA23}"
EndProject
Project("{FAE04EC0-301F-11D3-BF4B-00C04F79EFBC}") = "DAL", "DAL\DAL.csproj", "{B050746D-0BC6-4DE5-A57B-1D4732FB793C}"
EndProject
Project("{FAE04EC0-301F-11D3-BF4B-00C04F79EFBC}") = "Nro3", "Nro3\Nro3.csproj", "{B466AE97-2BEF-4F45-8DA3-1CAA301D738E}"
EndProject
Project("{FAE04EC0-301F-11D3-BF4B-00C04F79EFBC}") = "Nro4", "Nro4\Nro4.csproj", "{9C3B0EE3-AEC1-41F1-924E-84D978832D5F}"
EndProject
Project("{FAE04EC0-301F-11D3-BF4B-00C04F79EFBC}") = "Nro5", "Nro5\Nro5.csproj", "{27EE92BD-D336-427E-9A51-C19D9815D214}"
EndProject
Project("{FAE04EC0-301F-11D3-BF4B-00C04F79EFBC}") = "Nro6", "Nro6\Nro6.csproj", "{43CCB52E-A046-4F1C-88C6-E04AFC003673}"
EndProject
Project("{FAE04EC0-301F-11D3-BF4B-00C04F79EFBC}") = "Nro7", "Nro7\Nro7.csproj", "{E957259E-4B73-40A9-9C98-1EA1346860E7}"
EndProject
Global
	GlobalSection(SolutionConfigurationPlatforms) = preSolution
		Debug|Any CPU = Debug|Any CPU
		Release|Any CPU = Release|Any CPU
	EndGlobalSection
	GlobalSection(ProjectConfigurationPlatforms) = postSolution
		{EB853AFF-6C00-4E83-A064-7E1BA9C0AFC3}.Debug|Any CPU.ActiveCfg = Debug|Any CPU
		{EB853AFF-6C00-4E83-A064-7E1BA9C0AFC3}.Debug|Any CPU.Build.0 = Debug|Any CPU
		{EB853AFF-6C00-4E83-A064-7E1BA9C0AFC3}.Release|Any CPU.ActiveCfg = Release|Any CPU
		{EB853AFF-6C00-4E83-A064-7E1BA9C0AFC3}.Release|Any CPU.Build.0 = Release|Any CPU
		{5C368D6F-0404-44CA-80D6-BE9AEA02CCD0}.Debug|Any CPU.ActiveCfg = Debug|Any CPU
		{5C368D6F-0404-44CA-80D6-BE9AEA02CCD0}.Debug|Any CPU.Build.0 = Debug|Any CPU
		{5C368D6F-0404-44CA-80D6-BE9AEA02CCD0}.Release|Any CPU.ActiveCfg = Release|Any CPU
		{5C368D6F-0404-44CA-80D6-BE9AEA02CCD0}.Release|Any CPU.Build.0 = Release|Any CPU
		{D2F49F8F-2F00-4860-8D6F-440A83162349}.Debug|Any CPU.ActiveCfg = Debug|Any CPU
		{D2F49F8F-2F00-4860-8D6F-440A83162349}.Debug|Any CPU.Build.0 = Debug|Any CPU
		{D2F49F8F-2F00-4860-8D6F-440A83162349}.Release|Any CPU.ActiveCfg = Release|Any CPU
		{D2F49F8F-2F00-4860-8D6F-440A83162349}.Release|Any CPU.Build.0 = Release|Any CPU
		{F616EA6D-D153-4332-976A-7AB56CF429E7}.Debug|Any CPU.ActiveCfg = Debug|Any CPU
		{F616EA6D-D153-4332-976A-7AB56CF429E7}.Debug|Any CPU.Build.0 = Debug|Any CPU
		{F616EA6D-D153-4332-976A-7AB56CF429E7}.Release|Any CPU.ActiveCfg = Release|Any CPU
		{F616EA6D-D153-4332-976A-7AB56CF429E7}.Release|Any CPU.Build.0 = Release|Any CPU
		{60BB29CC-44DE-43FF-BCFE-7290C4283300}.Debug|Any CPU.ActiveCfg = Debug|Any CPU
		{60BB29CC-44DE-43FF-BCFE-7290C4283300}.Debug|Any CPU.Build.0 = Debug|Any CPU
		{60BB29CC-44DE-43FF-BCFE-7290C4283300}.Release|Any CPU.ActiveCfg = Release|Any CPU
		{60BB29CC-44DE-43FF-BCFE-7290C4283300}.Release|Any CPU.Build.0 = Release|Any CPU
		{D17C3DA1-6B5F-4904-B95C-80052AEADA23}.Debug|Any CPU.ActiveCfg = Debug|Any CPU
		{D17C3DA1-6B5F-4904-B95C-80052AEADA23}.Debug|Any CPU.Build.0 = Debug|Any CPU
		{D17C3DA1-6B5F-4904-B95C-80052AEADA23}.Release|Any CPU.ActiveCfg = Release|Any CPU
		{D17C3DA1-6B5F-4904-B95C-80052AEADA23}.Release|Any CPU.Build.0 = Release|Any CPU
		{B050746D-0BC6-4DE5-A57B-1D4732FB793C}.Debug|Any CPU.ActiveCfg = Debug|Any CPU
		{B050746D-0BC6-4DE5-A57B-1D4732FB793C}.Debug|Any CPU.Build.0 = Debug|Any CPU
		{B050746D-0BC6-4DE5-A57B-1D4732FB793C}.Release|Any CPU.ActiveCfg = Release|Any CPU
		{B050746D-0BC6-4DE5-A57B-1D4732FB793C}.Release|Any CPU.Build.0 = Release|Any CPU
		{B466AE97-2BEF-4F45-8DA3-1CAA301D738E}.Debug|Any CPU.ActiveCfg = Debug|Any CPU
		{B466AE97-2BEF-4F45-8DA3-1CAA301D738E}.Debug|Any CPU.Build.0 = Debug|Any CPU
		{B466AE97-2BEF-4F45-8DA3-1CAA301D738E}.Release|Any CPU.ActiveCfg = Release|Any CPU
		{B466AE97-2BEF-4F45-8DA3-1CAA301D738E}.Release|Any CPU.Build.0 = Release|Any CPU
		{9C3B0EE3-AEC1-41F1-924E-84D978832D5F}.Debug|Any CPU.ActiveCfg = Debug|Any CPU
		{9C3B0EE3-AEC1-41F1-924E-84D978832D5F}.Debug|Any CPU.Build.0 = Debug|Any CPU
		{9C3B0EE3-AEC1-41F1-924E-84D978832D5F}.Release|Any CPU.ActiveCfg = Release|Any CPU
		{9C3B0EE3-AEC1-41F1-924E-84D978832D5F}.Release|Any CPU.Build.0 = Release|Any CPU
		{27EE92BD-D336-427E-9A51-C19D9815D214}.Debug|Any CPU.ActiveCfg = Debug|Any CPU
		{27EE92BD-D336-427E-9A51-C19D9815D214}.Debug|Any CPU.Build.0 = Debug|Any CPU
		{27EE92BD-D336-427E-9A51-C19D9815D214}.Release|Any CPU.ActiveCfg = Release|Any CPU
		{27EE92BD-D336-427E-9A51-C19D9815D214}.Release|Any CPU.Build.0 = Release|Any CPU
		{43CCB52E-A046-4F1C-88C6-E04AFC003673}.Debug|Any CPU.ActiveCfg = Debug|Any CPU
		{43CCB52E-A046-4F1C-88C6-E04AFC003673}.Debug|Any CPU.Build.0 = Debug|Any CPU
		{43CCB52E-A046-4F1C-88C6-E04AFC003673}.Release|Any CPU.ActiveCfg = Release|Any CPU
		{43CCB52E-A046-4F1C-88C6-E04AFC003673}.Release|Any CPU.Build.0 = Release|Any CPU
		{E957259E-4B73-40A9-9C98-1EA1346860E7}.Debug|Any CPU.ActiveCfg = Debug|Any CPU
		{E957259E-4B73-40A9-9C98-1EA1346860E7}.Debug|Any CPU.Build.0 = Debug|Any CPU
		{E957259E-4B73-40A9-9C98-1EA1346860E7}.Release|Any CPU.ActiveCfg = Release|Any CPU
		{E957259E-4B73-40A9-9C98-1EA1346860E7}.Release|Any CPU.Build.0 = Release|Any CPU
	EndGlobalSection
	GlobalSection(SolutionProperties) = preSolution
		HideSolutionNode = FALSE
	EndGlobalSection
	GlobalSection(ExtensibilityGlobals) = postSolution
		SolutionGuid = {75D6293B-2955-4D6B-A644-EF17C2AB148B}
	EndGlobalSection
EndGlobal
